// !$*UTF8*$!
{
	archiveVersion = 1;
	classes = {
	};
	objectVersion = 77;
	objects = {

/* Begin PBXBuildFile section */
		031562C82D6B547000D6F9D3 /* WidgetKit.framework in Frameworks */ = {isa = PBXBuildFile; fileRef = 031562C72D6B547000D6F9D3 /* WidgetKit.framework */; };
		031562CA2D6B547000D6F9D3 /* SwiftUI.framework in Frameworks */ = {isa = PBXBuildFile; fileRef = 031562C92D6B547000D6F9D3 /* SwiftUI.framework */; };
		031562D52D6B547100D6F9D3 /* CalendarExtension.appex in Embed Foundation Extensions */ = {isa = PBXBuildFile; fileRef = 031562C52D6B547000D6F9D3 /* CalendarExtension.appex */; settings = {ATTRIBUTES = (RemoveHeadersOnCopy, ); }; };
		031562F52D6B5EDE00D6F9D3 /* WidgetKit.framework in Frameworks */ = {isa = PBXBuildFile; fileRef = 031562C72D6B547000D6F9D3 /* WidgetKit.framework */; };
		031562F62D6B5EDE00D6F9D3 /* SwiftUI.framework in Frameworks */ = {isa = PBXBuildFile; fileRef = 031562C92D6B547000D6F9D3 /* SwiftUI.framework */; };
		031563012D6B5EDF00D6F9D3 /* RepoWatcherWidgetExtension.appex in Embed Foundation Extensions */ = {isa = PBXBuildFile; fileRef = 031562F42D6B5EDE00D6F9D3 /* RepoWatcherWidgetExtension.appex */; settings = {ATTRIBUTES = (RemoveHeadersOnCopy, ); }; };
/* End PBXBuildFile section */

/* Begin PBXContainerItemProxy section */
		031562D32D6B547100D6F9D3 /* PBXContainerItemProxy */ = {
			isa = PBXContainerItemProxy;
			containerPortal = 031562A82D6B544300D6F9D3 /* Project object */;
			proxyType = 1;
			remoteGlobalIDString = 031562C42D6B547000D6F9D3;
			remoteInfo = CalendarExtension;
		};
		031562FF2D6B5EDF00D6F9D3 /* PBXContainerItemProxy */ = {
			isa = PBXContainerItemProxy;
			containerPortal = 031562A82D6B544300D6F9D3 /* Project object */;
			proxyType = 1;
			remoteGlobalIDString = 031562F32D6B5EDE00D6F9D3;
			remoteInfo = RepoWatcherWidgetExtension;
		};
/* End PBXContainerItemProxy section */

/* Begin PBXCopyFilesBuildPhase section */
		031562DA2D6B547100D6F9D3 /* Embed Foundation Extensions */ = {
			isa = PBXCopyFilesBuildPhase;
			buildActionMask = 2147483647;
			dstPath = "";
			dstSubfolderSpec = 13;
			files = (
				031563012D6B5EDF00D6F9D3 /* RepoWatcherWidgetExtension.appex in Embed Foundation Extensions */,
				031562D52D6B547100D6F9D3 /* CalendarExtension.appex in Embed Foundation Extensions */,
			);
			name = "Embed Foundation Extensions";
			runOnlyForDeploymentPostprocessing = 0;
		};
/* End PBXCopyFilesBuildPhase section */

/* Begin PBXFileReference section */
		031562B02D6B544300D6F9D3 /* WidgetHub.app */ = {isa = PBXFileReference; explicitFileType = wrapper.application; includeInIndex = 0; path = WidgetHub.app; sourceTree = BUILT_PRODUCTS_DIR; };
		031562C52D6B547000D6F9D3 /* CalendarExtension.appex */ = {isa = PBXFileReference; explicitFileType = "wrapper.app-extension"; includeInIndex = 0; path = CalendarExtension.appex; sourceTree = BUILT_PRODUCTS_DIR; };
		031562C72D6B547000D6F9D3 /* WidgetKit.framework */ = {isa = PBXFileReference; lastKnownFileType = wrapper.framework; name = WidgetKit.framework; path = System/Library/Frameworks/WidgetKit.framework; sourceTree = SDKROOT; };
		031562C92D6B547000D6F9D3 /* SwiftUI.framework */ = {isa = PBXFileReference; lastKnownFileType = wrapper.framework; name = SwiftUI.framework; path = System/Library/Frameworks/SwiftUI.framework; sourceTree = SDKROOT; };
		031562F42D6B5EDE00D6F9D3 /* RepoWatcherWidgetExtension.appex */ = {isa = PBXFileReference; explicitFileType = "wrapper.app-extension"; includeInIndex = 0; path = RepoWatcherWidgetExtension.appex; sourceTree = BUILT_PRODUCTS_DIR; };
/* End PBXFileReference section */

/* Begin PBXFileSystemSynchronizedBuildFileExceptionSet section */
		031562D62D6B547100D6F9D3 /* Exceptions for "Calendar" folder in "CalendarExtension" target */ = {
			isa = PBXFileSystemSynchronizedBuildFileExceptionSet;
			membershipExceptions = (
				Info.plist,
			);
			target = 031562C42D6B547000D6F9D3 /* CalendarExtension */;
		};
		031562DE2D6B555600D6F9D3 /* Exceptions for "Calendar" folder in "WidgetHub" target */ = {
			isa = PBXFileSystemSynchronizedBuildFileExceptionSet;
			membershipExceptions = (
				"Extensions/Color+Extensions.swift",
				"Extensions/Date+Extensions.swift",
				MockData/MockData.swift,
				Models/DayEntry.swift,
				MonthlyCalendarWidget/MonthConfig.swift,
			);
			target = 031562AF2D6B544300D6F9D3 /* WidgetHub */;
		};
		031563052D6B5EDF00D6F9D3 /* Exceptions for "RepoWatcherWidget" folder in "RepoWatcherWidgetExtension" target */ = {
			isa = PBXFileSystemSynchronizedBuildFileExceptionSet;
			membershipExceptions = (
				Info.plist,
			);
			target = 031562F32D6B5EDE00D6F9D3 /* RepoWatcherWidgetExtension */;
		};
		0315630B2D6B799A00D6F9D3 /* Exceptions for "WidgetHub" folder in "RepoWatcherWidgetExtension" target */ = {
			isa = PBXFileSystemSynchronizedBuildFileExceptionSet;
			membershipExceptions = (
				NetworkManager.swift,
			);
			target = 031562F32D6B5EDE00D6F9D3 /* RepoWatcherWidgetExtension */;
		};
/* End PBXFileSystemSynchronizedBuildFileExceptionSet section */

/* Begin PBXFileSystemSynchronizedRootGroup section */
		031562B22D6B544300D6F9D3 /* WidgetHub */ = {
			isa = PBXFileSystemSynchronizedRootGroup;
			exceptions = (
				0315630B2D6B799A00D6F9D3 /* Exceptions for "WidgetHub" folder in "RepoWatcherWidgetExtension" target */,
			);
			path = WidgetHub;
			sourceTree = "<group>";
		};
		031562CB2D6B547000D6F9D3 /* Calendar */ = {
			isa = PBXFileSystemSynchronizedRootGroup;
			exceptions = (
				031562DE2D6B555600D6F9D3 /* Exceptions for "Calendar" folder in "WidgetHub" target */,
				031562D62D6B547100D6F9D3 /* Exceptions for "Calendar" folder in "CalendarExtension" target */,
			);
			path = Calendar;
			sourceTree = "<group>";
		};
		031562F72D6B5EDE00D6F9D3 /* RepoWatcherWidget */ = {
			isa = PBXFileSystemSynchronizedRootGroup;
			exceptions = (
				031563052D6B5EDF00D6F9D3 /* Exceptions for "RepoWatcherWidget" folder in "RepoWatcherWidgetExtension" target */,
			);
			path = RepoWatcherWidget;
			sourceTree = "<group>";
		};
/* End PBXFileSystemSynchronizedRootGroup section */

/* Begin PBXFrameworksBuildPhase section */
		031562AD2D6B544300D6F9D3 /* Frameworks */ = {
			isa = PBXFrameworksBuildPhase;
			buildActionMask = 2147483647;
			files = (
			);
			runOnlyForDeploymentPostprocessing = 0;
		};
		031562C22D6B547000D6F9D3 /* Frameworks */ = {
			isa = PBXFrameworksBuildPhase;
			buildActionMask = 2147483647;
			files = (
				031562CA2D6B547000D6F9D3 /* SwiftUI.framework in Frameworks */,
				031562C82D6B547000D6F9D3 /* WidgetKit.framework in Frameworks */,
			);
			runOnlyForDeploymentPostprocessing = 0;
		};
		031562F12D6B5EDE00D6F9D3 /* Frameworks */ = {
			isa = PBXFrameworksBuildPhase;
			buildActionMask = 2147483647;
			files = (
				031562F62D6B5EDE00D6F9D3 /* SwiftUI.framework in Frameworks */,
				031562F52D6B5EDE00D6F9D3 /* WidgetKit.framework in Frameworks */,
			);
			runOnlyForDeploymentPostprocessing = 0;
		};
/* End PBXFrameworksBuildPhase section */

/* Begin PBXGroup section */
		031562A72D6B544300D6F9D3 = {
			isa = PBXGroup;
			children = (
				031562B22D6B544300D6F9D3 /* WidgetHub */,
				031562CB2D6B547000D6F9D3 /* Calendar */,
				031562F72D6B5EDE00D6F9D3 /* RepoWatcherWidget */,
				031562C62D6B547000D6F9D3 /* Frameworks */,
				031562B12D6B544300D6F9D3 /* Products */,
			);
			sourceTree = "<group>";
		};
		031562B12D6B544300D6F9D3 /* Products */ = {
			isa = PBXGroup;
			children = (
				031562B02D6B544300D6F9D3 /* WidgetHub.app */,
				031562C52D6B547000D6F9D3 /* CalendarExtension.appex */,
				031562F42D6B5EDE00D6F9D3 /* RepoWatcherWidgetExtension.appex */,
			);
			name = Products;
			sourceTree = "<group>";
		};
		031562C62D6B547000D6F9D3 /* Frameworks */ = {
			isa = PBXGroup;
			children = (
				031562C72D6B547000D6F9D3 /* WidgetKit.framework */,
				031562C92D6B547000D6F9D3 /* SwiftUI.framework */,
			);
			name = Frameworks;
			sourceTree = "<group>";
		};
/* End PBXGroup section */

/* Begin PBXNativeTarget section */
		031562AF2D6B544300D6F9D3 /* WidgetHub */ = {
			isa = PBXNativeTarget;
			buildConfigurationList = 031562BE2D6B544400D6F9D3 /* Build configuration list for PBXNativeTarget "WidgetHub" */;
			buildPhases = (
				031562AC2D6B544300D6F9D3 /* Sources */,
				031562AD2D6B544300D6F9D3 /* Frameworks */,
				031562AE2D6B544300D6F9D3 /* Resources */,
				031562DA2D6B547100D6F9D3 /* Embed Foundation Extensions */,
			);
			buildRules = (
			);
			dependencies = (
				031562D42D6B547100D6F9D3 /* PBXTargetDependency */,
				031563002D6B5EDF00D6F9D3 /* PBXTargetDependency */,
			);
			fileSystemSynchronizedGroups = (
				031562B22D6B544300D6F9D3 /* WidgetHub */,
			);
			name = WidgetHub;
			packageProductDependencies = (
			);
			productName = WidgetHub;
			productReference = 031562B02D6B544300D6F9D3 /* WidgetHub.app */;
			productType = "com.apple.product-type.application";
		};
		031562C42D6B547000D6F9D3 /* CalendarExtension */ = {
			isa = PBXNativeTarget;
			buildConfigurationList = 031562D72D6B547100D6F9D3 /* Build configuration list for PBXNativeTarget "CalendarExtension" */;
			buildPhases = (
				031562C12D6B547000D6F9D3 /* Sources */,
				031562C22D6B547000D6F9D3 /* Frameworks */,
				031562C32D6B547000D6F9D3 /* Resources */,
			);
			buildRules = (
			);
			dependencies = (
			);
			fileSystemSynchronizedGroups = (
				031562CB2D6B547000D6F9D3 /* Calendar */,
			);
			name = CalendarExtension;
			packageProductDependencies = (
			);
			productName = CalendarExtension;
			productReference = 031562C52D6B547000D6F9D3 /* CalendarExtension.appex */;
			productType = "com.apple.product-type.app-extension";
		};
		031562F32D6B5EDE00D6F9D3 /* RepoWatcherWidgetExtension */ = {
			isa = PBXNativeTarget;
			buildConfigurationList = 031563022D6B5EDF00D6F9D3 /* Build configuration list for PBXNativeTarget "RepoWatcherWidgetExtension" */;
			buildPhases = (
				031562F02D6B5EDE00D6F9D3 /* Sources */,
				031562F12D6B5EDE00D6F9D3 /* Frameworks */,
				031562F22D6B5EDE00D6F9D3 /* Resources */,
			);
			buildRules = (
			);
			dependencies = (
			);
			fileSystemSynchronizedGroups = (
				031562F72D6B5EDE00D6F9D3 /* RepoWatcherWidget */,
			);
			name = RepoWatcherWidgetExtension;
			packageProductDependencies = (
			);
			productName = RepoWatcherWidgetExtension;
			productReference = 031562F42D6B5EDE00D6F9D3 /* RepoWatcherWidgetExtension.appex */;
			productType = "com.apple.product-type.app-extension";
		};
/* End PBXNativeTarget section */

/* Begin PBXProject section */
		031562A82D6B544300D6F9D3 /* Project object */ = {
			isa = PBXProject;
			attributes = {
				BuildIndependentTargetsInParallel = 1;
				LastSwiftUpdateCheck = 1620;
				LastUpgradeCheck = 1620;
				TargetAttributes = {
					031562AF2D6B544300D6F9D3 = {
						CreatedOnToolsVersion = 16.2;
					};
					031562C42D6B547000D6F9D3 = {
						CreatedOnToolsVersion = 16.2;
					};
					031562F32D6B5EDE00D6F9D3 = {
						CreatedOnToolsVersion = 16.2;
					};
				};
			};
			buildConfigurationList = 031562AB2D6B544300D6F9D3 /* Build configuration list for PBXProject "WidgetHub" */;
			developmentRegion = en;
			hasScannedForEncodings = 0;
			knownRegions = (
				en,
				Base,
			);
			mainGroup = 031562A72D6B544300D6F9D3;
			minimizedProjectReferenceProxies = 1;
			preferredProjectObjectVersion = 77;
			productRefGroup = 031562B12D6B544300D6F9D3 /* Products */;
			projectDirPath = "";
			projectRoot = "";
			targets = (
				031562AF2D6B544300D6F9D3 /* WidgetHub */,
				031562C42D6B547000D6F9D3 /* CalendarExtension */,
				031562F32D6B5EDE00D6F9D3 /* RepoWatcherWidgetExtension */,
			);
		};
/* End PBXProject section */

/* Begin PBXResourcesBuildPhase section */
		031562AE2D6B544300D6F9D3 /* Resources */ = {
			isa = PBXResourcesBuildPhase;
			buildActionMask = 2147483647;
			files = (
			);
			runOnlyForDeploymentPostprocessing = 0;
		};
		031562C32D6B547000D6F9D3 /* Resources */ = {
			isa = PBXResourcesBuildPhase;
			buildActionMask = 2147483647;
			files = (
			);
			runOnlyForDeploymentPostprocessing = 0;
		};
		031562F22D6B5EDE00D6F9D3 /* Resources */ = {
			isa = PBXResourcesBuildPhase;
			buildActionMask = 2147483647;
			files = (
			);
			runOnlyForDeploymentPostprocessing = 0;
		};
/* End PBXResourcesBuildPhase section */

/* Begin PBXSourcesBuildPhase section */
		031562AC2D6B544300D6F9D3 /* Sources */ = {
			isa = PBXSourcesBuildPhase;
			buildActionMask = 2147483647;
			files = (
			);
			runOnlyForDeploymentPostprocessing = 0;
		};
		031562C12D6B547000D6F9D3 /* Sources */ = {
			isa = PBXSourcesBuildPhase;
			buildActionMask = 2147483647;
			files = (
			);
			runOnlyForDeploymentPostprocessing = 0;
		};
		031562F02D6B5EDE00D6F9D3 /* Sources */ = {
			isa = PBXSourcesBuildPhase;
			buildActionMask = 2147483647;
			files = (
			);
			runOnlyForDeploymentPostprocessing = 0;
		};
/* End PBXSourcesBuildPhase section */

/* Begin PBXTargetDependency section */
		031562D42D6B547100D6F9D3 /* PBXTargetDependency */ = {
			isa = PBXTargetDependency;
			target = 031562C42D6B547000D6F9D3 /* CalendarExtension */;
			targetProxy = 031562D32D6B547100D6F9D3 /* PBXContainerItemProxy */;
		};
		031563002D6B5EDF00D6F9D3 /* PBXTargetDependency */ = {
			isa = PBXTargetDependency;
			target = 031562F32D6B5EDE00D6F9D3 /* RepoWatcherWidgetExtension */;
			targetProxy = 031562FF2D6B5EDF00D6F9D3 /* PBXContainerItemProxy */;
		};
/* End PBXTargetDependency section */

/* Begin XCBuildConfiguration section */
		031562BC2D6B544400D6F9D3 /* Debug */ = {
			isa = XCBuildConfiguration;
			buildSettings = {
				ALWAYS_SEARCH_USER_PATHS = NO;
				ASSETCATALOG_COMPILER_GENERATE_SWIFT_ASSET_SYMBOL_EXTENSIONS = YES;
				CLANG_ANALYZER_NONNULL = YES;
				CLANG_ANALYZER_NUMBER_OBJECT_CONVERSION = YES_AGGRESSIVE;
				CLANG_CXX_LANGUAGE_STANDARD = "gnu++20";
				CLANG_ENABLE_MODULES = YES;
				CLANG_ENABLE_OBJC_ARC = YES;
				CLANG_ENABLE_OBJC_WEAK = YES;
				CLANG_WARN_BLOCK_CAPTURE_AUTORELEASING = YES;
				CLANG_WARN_BOOL_CONVERSION = YES;
				CLANG_WARN_COMMA = YES;
				CLANG_WARN_CONSTANT_CONVERSION = YES;
				CLANG_WARN_DEPRECATED_OBJC_IMPLEMENTATIONS = YES;
				CLANG_WARN_DIRECT_OBJC_ISA_USAGE = YES_ERROR;
				CLANG_WARN_DOCUMENTATION_COMMENTS = YES;
				CLANG_WARN_EMPTY_BODY = YES;
				CLANG_WARN_ENUM_CONVERSION = YES;
				CLANG_WARN_INFINITE_RECURSION = YES;
				CLANG_WARN_INT_CONVERSION = YES;
				CLANG_WARN_NON_LITERAL_NULL_CONVERSION = YES;
				CLANG_WARN_OBJC_IMPLICIT_RETAIN_SELF = YES;
				CLANG_WARN_OBJC_LITERAL_CONVERSION = YES;
				CLANG_WARN_OBJC_ROOT_CLASS = YES_ERROR;
				CLANG_WARN_QUOTED_INCLUDE_IN_FRAMEWORK_HEADER = YES;
				CLANG_WARN_RANGE_LOOP_ANALYSIS = YES;
				CLANG_WARN_STRICT_PROTOTYPES = YES;
				CLANG_WARN_SUSPICIOUS_MOVE = YES;
				CLANG_WARN_UNGUARDED_AVAILABILITY = YES_AGGRESSIVE;
				CLANG_WARN_UNREACHABLE_CODE = YES;
				CLANG_WARN__DUPLICATE_METHOD_MATCH = YES;
				COPY_PHASE_STRIP = NO;
				DEBUG_INFORMATION_FORMAT = dwarf;
				ENABLE_STRICT_OBJC_MSGSEND = YES;
				ENABLE_TESTABILITY = YES;
				ENABLE_USER_SCRIPT_SANDBOXING = YES;
				GCC_C_LANGUAGE_STANDARD = gnu17;
				GCC_DYNAMIC_NO_PIC = NO;
				GCC_NO_COMMON_BLOCKS = YES;
				GCC_OPTIMIZATION_LEVEL = 0;
				GCC_PREPROCESSOR_DEFINITIONS = (
					"DEBUG=1",
					"$(inherited)",
				);
				GCC_WARN_64_TO_32_BIT_CONVERSION = YES;
				GCC_WARN_ABOUT_RETURN_TYPE = YES_ERROR;
				GCC_WARN_UNDECLARED_SELECTOR = YES;
				GCC_WARN_UNINITIALIZED_AUTOS = YES_AGGRESSIVE;
				GCC_WARN_UNUSED_FUNCTION = YES;
				GCC_WARN_UNUSED_VARIABLE = YES;
				IPHONEOS_DEPLOYMENT_TARGET = 18.2;
				LOCALIZATION_PREFERS_STRING_CATALOGS = YES;
				MTL_ENABLE_DEBUG_INFO = INCLUDE_SOURCE;
				MTL_FAST_MATH = YES;
				ONLY_ACTIVE_ARCH = YES;
				SDKROOT = iphoneos;
				SWIFT_ACTIVE_COMPILATION_CONDITIONS = "DEBUG $(inherited)";
				SWIFT_OPTIMIZATION_LEVEL = "-Onone";
			};
			name = Debug;
		};
		031562BD2D6B544400D6F9D3 /* Release */ = {
			isa = XCBuildConfiguration;
			buildSettings = {
				ALWAYS_SEARCH_USER_PATHS = NO;
				ASSETCATALOG_COMPILER_GENERATE_SWIFT_ASSET_SYMBOL_EXTENSIONS = YES;
				CLANG_ANALYZER_NONNULL = YES;
				CLANG_ANALYZER_NUMBER_OBJECT_CONVERSION = YES_AGGRESSIVE;
				CLANG_CXX_LANGUAGE_STANDARD = "gnu++20";
				CLANG_ENABLE_MODULES = YES;
				CLANG_ENABLE_OBJC_ARC = YES;
				CLANG_ENABLE_OBJC_WEAK = YES;
				CLANG_WARN_BLOCK_CAPTURE_AUTORELEASING = YES;
				CLANG_WARN_BOOL_CONVERSION = YES;
				CLANG_WARN_COMMA = YES;
				CLANG_WARN_CONSTANT_CONVERSION = YES;
				CLANG_WARN_DEPRECATED_OBJC_IMPLEMENTATIONS = YES;
				CLANG_WARN_DIRECT_OBJC_ISA_USAGE = YES_ERROR;
				CLANG_WARN_DOCUMENTATION_COMMENTS = YES;
				CLANG_WARN_EMPTY_BODY = YES;
				CLANG_WARN_ENUM_CONVERSION = YES;
				CLANG_WARN_INFINITE_RECURSION = YES;
				CLANG_WARN_INT_CONVERSION = YES;
				CLANG_WARN_NON_LITERAL_NULL_CONVERSION = YES;
				CLANG_WARN_OBJC_IMPLICIT_RETAIN_SELF = YES;
				CLANG_WARN_OBJC_LITERAL_CONVERSION = YES;
				CLANG_WARN_OBJC_ROOT_CLASS = YES_ERROR;
				CLANG_WARN_QUOTED_INCLUDE_IN_FRAMEWORK_HEADER = YES;
				CLANG_WARN_RANGE_LOOP_ANALYSIS = YES;
				CLANG_WARN_STRICT_PROTOTYPES = YES;
				CLANG_WARN_SUSPICIOUS_MOVE = YES;
				CLANG_WARN_UNGUARDED_AVAILABILITY = YES_AGGRESSIVE;
				CLANG_WARN_UNREACHABLE_CODE = YES;
				CLANG_WARN__DUPLICATE_METHOD_MATCH = YES;
				COPY_PHASE_STRIP = NO;
				DEBUG_INFORMATION_FORMAT = "dwarf-with-dsym";
				ENABLE_NS_ASSERTIONS = NO;
				ENABLE_STRICT_OBJC_MSGSEND = YES;
				ENABLE_USER_SCRIPT_SANDBOXING = YES;
				GCC_C_LANGUAGE_STANDARD = gnu17;
				GCC_NO_COMMON_BLOCKS = YES;
				GCC_WARN_64_TO_32_BIT_CONVERSION = YES;
				GCC_WARN_ABOUT_RETURN_TYPE = YES_ERROR;
				GCC_WARN_UNDECLARED_SELECTOR = YES;
				GCC_WARN_UNINITIALIZED_AUTOS = YES_AGGRESSIVE;
				GCC_WARN_UNUSED_FUNCTION = YES;
				GCC_WARN_UNUSED_VARIABLE = YES;
				IPHONEOS_DEPLOYMENT_TARGET = 18.2;
				LOCALIZATION_PREFERS_STRING_CATALOGS = YES;
				MTL_ENABLE_DEBUG_INFO = NO;
				MTL_FAST_MATH = YES;
				SDKROOT = iphoneos;
				SWIFT_COMPILATION_MODE = wholemodule;
				VALIDATE_PRODUCT = YES;
			};
			name = Release;
		};
		031562BF2D6B544400D6F9D3 /* Debug */ = {
			isa = XCBuildConfiguration;
			buildSettings = {
				ASSETCATALOG_COMPILER_APPICON_NAME = AppIcon;
				ASSETCATALOG_COMPILER_GLOBAL_ACCENT_COLOR_NAME = AccentColor;
				CODE_SIGN_STYLE = Automatic;
				CURRENT_PROJECT_VERSION = 1;
				DEVELOPMENT_ASSET_PATHS = "\"WidgetHub/Preview Content\"";
				DEVELOPMENT_TEAM = RTRW37939G;
				ENABLE_PREVIEWS = YES;
				GENERATE_INFOPLIST_FILE = YES;
				INFOPLIST_KEY_UIApplicationSceneManifest_Generation = YES;
				INFOPLIST_KEY_UIApplicationSupportsIndirectInputEvents = YES;
				INFOPLIST_KEY_UILaunchScreen_Generation = YES;
				INFOPLIST_KEY_UISupportedInterfaceOrientations_iPad = "UIInterfaceOrientationPortrait UIInterfaceOrientationPortraitUpsideDown UIInterfaceOrientationLandscapeLeft UIInterfaceOrientationLandscapeRight";
				INFOPLIST_KEY_UISupportedInterfaceOrientations_iPhone = "UIInterfaceOrientationPortrait UIInterfaceOrientationLandscapeLeft UIInterfaceOrientationLandscapeRight";
				LD_RUNPATH_SEARCH_PATHS = (
					"$(inherited)",
					"@executable_path/Frameworks",
				);
				MARKETING_VERSION = 1.0;
				PRODUCT_BUNDLE_IDENTIFIER = com.test.WidgetHub;
				PRODUCT_NAME = "$(TARGET_NAME)";
				SWIFT_EMIT_LOC_STRINGS = YES;
				SWIFT_VERSION = 5.0;
				TARGETED_DEVICE_FAMILY = "1,2";
			};
			name = Debug;
		};
		031562C02D6B544400D6F9D3 /* Release */ = {
			isa = XCBuildConfiguration;
			buildSettings = {
				ASSETCATALOG_COMPILER_APPICON_NAME = AppIcon;
				ASSETCATALOG_COMPILER_GLOBAL_ACCENT_COLOR_NAME = AccentColor;
				CODE_SIGN_STYLE = Automatic;
				CURRENT_PROJECT_VERSION = 1;
				DEVELOPMENT_ASSET_PATHS = "\"WidgetHub/Preview Content\"";
				DEVELOPMENT_TEAM = RTRW37939G;
				ENABLE_PREVIEWS = YES;
				GENERATE_INFOPLIST_FILE = YES;
				INFOPLIST_KEY_UIApplicationSceneManifest_Generation = YES;
				INFOPLIST_KEY_UIApplicationSupportsIndirectInputEvents = YES;
				INFOPLIST_KEY_UILaunchScreen_Generation = YES;
				INFOPLIST_KEY_UISupportedInterfaceOrientations_iPad = "UIInterfaceOrientationPortrait UIInterfaceOrientationPortraitUpsideDown UIInterfaceOrientationLandscapeLeft UIInterfaceOrientationLandscapeRight";
				INFOPLIST_KEY_UISupportedInterfaceOrientations_iPhone = "UIInterfaceOrientationPortrait UIInterfaceOrientationLandscapeLeft UIInterfaceOrientationLandscapeRight";
				LD_RUNPATH_SEARCH_PATHS = (
					"$(inherited)",
					"@executable_path/Frameworks",
				);
				MARKETING_VERSION = 1.0;
				PRODUCT_BUNDLE_IDENTIFIER = com.test.WidgetHub;
				PRODUCT_NAME = "$(TARGET_NAME)";
				SWIFT_EMIT_LOC_STRINGS = YES;
				SWIFT_VERSION = 5.0;
				TARGETED_DEVICE_FAMILY = "1,2";
			};
			name = Release;
		};
		031562D82D6B547100D6F9D3 /* Debug */ = {
			isa = XCBuildConfiguration;
			buildSettings = {
				ASSETCATALOG_COMPILER_GLOBAL_ACCENT_COLOR_NAME = AccentColor;
				ASSETCATALOG_COMPILER_WIDGET_BACKGROUND_COLOR_NAME = WidgetBackground;
				CODE_SIGN_STYLE = Automatic;
				CURRENT_PROJECT_VERSION = 1;
				DEVELOPMENT_TEAM = RTRW37939G;
				GENERATE_INFOPLIST_FILE = YES;
				INFOPLIST_FILE = Calendar/Info.plist;
				INFOPLIST_KEY_CFBundleDisplayName = Calendar;
				INFOPLIST_KEY_NSHumanReadableCopyright = "";
				LD_RUNPATH_SEARCH_PATHS = (
					"$(inherited)",
					"@executable_path/Frameworks",
					"@executable_path/../../Frameworks",
				);
				MARKETING_VERSION = 1.0;
				PRODUCT_BUNDLE_IDENTIFIER = com.test.WidgetHub.Calendar;
				PRODUCT_NAME = "$(TARGET_NAME)";
				SKIP_INSTALL = YES;
				SWIFT_EMIT_LOC_STRINGS = YES;
				SWIFT_VERSION = 5.0;
				TARGETED_DEVICE_FAMILY = "1,2";
			};
			name = Debug;
		};
		031562D92D6B547100D6F9D3 /* Release */ = {
			isa = XCBuildConfiguration;
			buildSettings = {
				ASSETCATALOG_COMPILER_GLOBAL_ACCENT_COLOR_NAME = AccentColor;
				ASSETCATALOG_COMPILER_WIDGET_BACKGROUND_COLOR_NAME = WidgetBackground;
				CODE_SIGN_STYLE = Automatic;
				CURRENT_PROJECT_VERSION = 1;
				DEVELOPMENT_TEAM = RTRW37939G;
				GENERATE_INFOPLIST_FILE = YES;
				INFOPLIST_FILE = Calendar/Info.plist;
				INFOPLIST_KEY_CFBundleDisplayName = Calendar;
				INFOPLIST_KEY_NSHumanReadableCopyright = "";
				LD_RUNPATH_SEARCH_PATHS = (
					"$(inherited)",
					"@executable_path/Frameworks",
					"@executable_path/../../Frameworks",
				);
				MARKETING_VERSION = 1.0;
				PRODUCT_BUNDLE_IDENTIFIER = com.test.WidgetHub.Calendar;
				PRODUCT_NAME = "$(TARGET_NAME)";
				SKIP_INSTALL = YES;
				SWIFT_EMIT_LOC_STRINGS = YES;
				SWIFT_VERSION = 5.0;
				TARGETED_DEVICE_FAMILY = "1,2";
			};
			name = Release;
		};
		031563032D6B5EDF00D6F9D3 /* Debug */ = {
			isa = XCBuildConfiguration;
			buildSettings = {
				ASSETCATALOG_COMPILER_GLOBAL_ACCENT_COLOR_NAME = AccentColor;
				ASSETCATALOG_COMPILER_WIDGET_BACKGROUND_COLOR_NAME = WidgetBackground;
				CODE_SIGN_STYLE = Automatic;
				CURRENT_PROJECT_VERSION = 1;
				DEVELOPMENT_TEAM = RTRW37939G;
				GENERATE_INFOPLIST_FILE = YES;
				INFOPLIST_FILE = RepoWatcherWidget/Info.plist;
				INFOPLIST_KEY_CFBundleDisplayName = RepoWatcherWidget;
				INFOPLIST_KEY_NSHumanReadableCopyright = "";
				LD_RUNPATH_SEARCH_PATHS = (
					"$(inherited)",
					"@executable_path/Frameworks",
					"@executable_path/../../Frameworks",
				);
				MARKETING_VERSION = 1.0;
				PRODUCT_BUNDLE_IDENTIFIER = com.test.WidgetHub.RepoWatcherWidget;
				PRODUCT_NAME = "$(TARGET_NAME)";
				SKIP_INSTALL = YES;
				SWIFT_EMIT_LOC_STRINGS = YES;
				SWIFT_VERSION = 5.0;
				TARGETED_DEVICE_FAMILY = "1,2";
			};
			name = Debug;
		};
		031563042D6B5EDF00D6F9D3 /* Release */ = {
			isa = XCBuildConfiguration;
			buildSettings = {
				ASSETCATALOG_COMPILER_GLOBAL_ACCENT_COLOR_NAME = AccentColor;
				ASSETCATALOG_COMPILER_WIDGET_BACKGROUND_COLOR_NAME = WidgetBackground;
				CODE_SIGN_STYLE = Automatic;
				CURRENT_PROJECT_VERSION = 1;
				DEVELOPMENT_TEAM = RTRW37939G;
				GENERATE_INFOPLIST_FILE = YES;
				INFOPLIST_FILE = RepoWatcherWidget/Info.plist;
				INFOPLIST_KEY_CFBundleDisplayName = RepoWatcherWidget;
				INFOPLIST_KEY_NSHumanReadableCopyright = "";
				LD_RUNPATH_SEARCH_PATHS = (
					"$(inherited)",
					"@executable_path/Frameworks",
					"@executable_path/../../Frameworks",
				);
				MARKETING_VERSION = 1.0;
				PRODUCT_BUNDLE_IDENTIFIER = com.test.WidgetHub.RepoWatcherWidget;
				PRODUCT_NAME = "$(TARGET_NAME)";
				SKIP_INSTALL = YES;
				SWIFT_EMIT_LOC_STRINGS = YES;
				SWIFT_VERSION = 5.0;
				TARGETED_DEVICE_FAMILY = "1,2";
			};
			name = Release;
		};
/* End XCBuildConfiguration section */

/* Begin XCConfigurationList section */
		031562AB2D6B544300D6F9D3 /* Build configuration list for PBXProject "WidgetHub" */ = {
			isa = XCConfigurationList;
			buildConfigurations = (
				031562BC2D6B544400D6F9D3 /* Debug */,
				031562BD2D6B544400D6F9D3 /* Release */,
			);
			defaultConfigurationIsVisible = 0;
			defaultConfigurationName = Release;
		};
		031562BE2D6B544400D6F9D3 /* Build configuration list for PBXNativeTarget "WidgetHub" */ = {
			isa = XCConfigurationList;
			buildConfigurations = (
				031562BF2D6B544400D6F9D3 /* Debug */,
				031562C02D6B544400D6F9D3 /* Release */,
			);
			defaultConfigurationIsVisible = 0;
			defaultConfigurationName = Release;
		};
		031562D72D6B547100D6F9D3 /* Build configuration list for PBXNativeTarget "CalendarExtension" */ = {
			isa = XCConfigurationList;
			buildConfigurations = (
				031562D82D6B547100D6F9D3 /* Debug */,
				031562D92D6B547100D6F9D3 /* Release */,
			);
			defaultConfigurationIsVisible = 0;
			defaultConfigurationName = Release;
		};
		031563022D6B5EDF00D6F9D3 /* Build configuration list for PBXNativeTarget "RepoWatcherWidgetExtension" */ = {
			isa = XCConfigurationList;
			buildConfigurations = (
				031563032D6B5EDF00D6F9D3 /* Debug */,
				031563042D6B5EDF00D6F9D3 /* Release */,
			);
			defaultConfigurationIsVisible = 0;
			defaultConfigurationName = Release;
		};
/* End XCConfigurationList section */
	};
	rootObject = 031562A82D6B544300D6F9D3 /* Project object */;
}
